
Microsoft Visual Studio Solution File, Format Version 12.00
# Visual Studio 2013
VisualStudioVersion = 12.0.31101.0
MinimumVisualStudioVersion = 10.0.40219.1
Project("{FAE04EC0-301F-11D3-BF4B-00C04F79EFBC}") = "FarmersWareHouse", "FarmersWareHouse\FarmersWareHouse.csproj", "{EA2391F7-388E-4822-B9F5-ED555B82CBE2}"
EndProject
Project("{FAE04EC0-301F-11D3-BF4B-00C04F79EFBC}") = "Core", "Core\Core.csproj", "{B2AE6D85-6324-4327-BFE2-7855CB67BC1F}"
EndProject
Global
	GlobalSection(SolutionConfigurationPlatforms) = preSolution
		Debug|Any CPU = Debug|Any CPU
		Release|Any CPU = Release|Any CPU
	EndGlobalSection
	GlobalSection(ProjectConfigurationPlatforms) = postSolution
		{EA2391F7-388E-4822-B9F5-ED555B82CBE2}.Debug|Any CPU.ActiveCfg = Debug|Any CPU
		{EA2391F7-388E-4822-B9F5-ED555B82CBE2}.Debug|Any CPU.Build.0 = Debug|Any CPU
		{EA2391F7-388E-4822-B9F5-ED555B82CBE2}.Release|Any CPU.ActiveCfg = Release|Any CPU
		{EA2391F7-388E-4822-B9F5-ED555B82CBE2}.Release|Any CPU.Build.0 = Release|Any CPU
		{B2AE6D85-6324-4327-BFE2-7855CB67BC1F}.Debug|Any CPU.ActiveCfg = Debug|Any CPU
		{B2AE6D85-6324-4327-BFE2-7855CB67BC1F}.Debug|Any CPU.Build.0 = Debug|Any CPU
		{B2AE6D85-6324-4327-BFE2-7855CB67BC1F}.Release|Any CPU.ActiveCfg = Release|Any CPU
		{B2AE6D85-6324-4327-BFE2-7855CB67BC1F}.Release|Any CPU.Build.0 = Release|Any CPU
	EndGlobalSection
	GlobalSection(SolutionProperties) = preSolution
		HideSolutionNode = FALSE
	EndGlobalSection
EndGlobal
